schema: '2.0'
stages:
  bronze_to_silver:
    cmd: uv run python -m src.pipelines.data.bronze_to_silver
    deps:
    - path: data/bronze/
      hash: md5
      md5: d130c623953c0b19bcd950ffb30724ae.dir
      size: 144603661
      nfiles: 2
    - path: src/pipelines/data/bronze_to_silver.py
      hash: md5
      md5: 93ded8ca6dfb4f8d8ac5a06063cc06cd
      size: 7961
    outs:
    - path: data/silver/
      hash: md5
      md5: 29093191e5176d00684b92c736130202.dir
      size: 70969657
      nfiles: 2
  silver_to_gold:
    cmd: uv run python -m src.pipelines.data.silver_to_gold
    deps:
    - path: data/silver/
      hash: md5
      md5: 29093191e5176d00684b92c736130202.dir
      size: 70969657
      nfiles: 2
    - path: src/pipelines/data/silver_to_gold.py
      hash: md5
      md5: e538cd90324ff70dea5b64d29970c89b
      size: 15195
    outs:
    - path: data/gold/
      hash: md5
      md5: 2c25334efe5c9711ab8b8de1307cdb8d.dir
      size: 1681611
      nfiles: 4
  train_models:
    cmd: uv run python -m src.pipelines.models.train_models
    deps:
    - path: data/gold/
      hash: md5
      md5: 2c25334efe5c9711ab8b8de1307cdb8d.dir
      size: 1681611
      nfiles: 4
    - path: src/pipelines/models/train_models.py
      hash: md5
      md5: 16ede479ab3d3ac59c5985898916e404
      size: 2424
    outs:
    - path: models/
      hash: md5
      md5: fdb0c2cc9fc8e3d357fc0f12aba29f5c.dir
      size: 234035
      nfiles: 3
